
Microsoft Visual Studio Solution File, Format Version 12.00
Project("{FAE04EC0-301F-11D3-BF4B-00C04F79EFBC}") = "ThucHanhDangNhap", "ThucHanhDangNhap\ThucHanhDangNhap.csproj", "{373337B3-EBC3-40C1-8B86-9BF180DC30F0}"
EndProject
Global
	GlobalSection(SolutionConfigurationPlatforms) = preSolution
		Debug|Any CPU = Debug|Any CPU
		Release|Any CPU = Release|Any CPU
	EndGlobalSection
	GlobalSection(ProjectConfigurationPlatforms) = postSolution
		{373337B3-EBC3-40C1-8B86-9BF180DC30F0}.Debug|Any CPU.ActiveCfg = Debug|Any CPU
		{373337B3-EBC3-40C1-8B86-9BF180DC30F0}.Debug|Any CPU.Build.0 = Debug|Any CPU
		{373337B3-EBC3-40C1-8B86-9BF180DC30F0}.Release|Any CPU.ActiveCfg = Release|Any CPU
		{373337B3-EBC3-40C1-8B86-9BF180DC30F0}.Release|Any CPU.Build.0 = Release|Any CPU
	EndGlobalSection
EndGlobal
